{
  "name": "mws-restaurant-stage-1",
  "version": "1.0.0",
  "lockfileVersion": 1,
  "requires": true,
  "dependencies": {
    "parcel-plugin-bundle-manifest": {
      "version": "0.2.0",
      "resolved": "https://registry.npmjs.org/parcel-plugin-bundle-manifest/-/parcel-plugin-bundle-manifest-0.2.0.tgz",
      "integrity": "sha512-xS4HlwvAggqHx53qWsAzTmA5mD6ZMBR4bJBcW11jVjgAVsY2fdYw7aK56A3JNWG6lqs6/crcPrIcM0rzb4UmVg==",
      "dev": true
    }
  }
}
